// !$*UTF8*$!
{
	archiveVersion = 1;
	classes = {
	};
	objectVersion = 46;
	objects = {

/* Begin PBXBuildFile section */
		4A6366261AC1C1B700E32020 /* main.m in Sources */ = {isa = PBXBuildFile; fileRef = 4A6366251AC1C1B700E32020 /* main.m */; };
		4A6366291AC1C1B700E32020 /* AppDelegate.m in Sources */ = {isa = PBXBuildFile; fileRef = 4A6366281AC1C1B700E32020 /* AppDelegate.m */; };
		4A63662C1AC1C1B700E32020 /* ViewController.m in Sources */ = {isa = PBXBuildFile; fileRef = 4A63662B1AC1C1B700E32020 /* ViewController.m */; };
		4A63662F1AC1C1B700E32020 /* Main.storyboard in Resources */ = {isa = PBXBuildFile; fileRef = 4A63662D1AC1C1B700E32020 /* Main.storyboard */; };
		4A6366311AC1C1B700E32020 /* Images.xcassets in Resources */ = {isa = PBXBuildFile; fileRef = 4A6366301AC1C1B700E32020 /* Images.xcassets */; };
		4A6366341AC1C1B700E32020 /* LaunchScreen.xib in Resources */ = {isa = PBXBuildFile; fileRef = 4A6366321AC1C1B700E32020 /* LaunchScreen.xib */; };
		4A6366401AC1C1B700E32020 /* Flappy_FieldmanTests.m in Sources */ = {isa = PBXBuildFile; fileRef = 4A63663F1AC1C1B700E32020 /* Flappy_FieldmanTests.m */; };
/* End PBXBuildFile section */

/* Begin PBXContainerItemProxy section */
		4A63663A1AC1C1B700E32020 /* PBXContainerItemProxy */ = {
			isa = PBXContainerItemProxy;
			containerPortal = 4A6366181AC1C1B700E32020 /* Project object */;
			proxyType = 1;
			remoteGlobalIDString = 4A63661F1AC1C1B700E32020;
			remoteInfo = "Flappy Fieldman";
		};
/* End PBXContainerItemProxy section */

/* Begin PBXFileReference section */
		4A6366201AC1C1B700E32020 /* Flappy Fieldman.app */ = {isa = PBXFileReference; explicitFileType = wrapper.application; includeInIndex = 0; path = "Flappy Fieldman.app"; sourceTree = BUILT_PRODUCTS_DIR; };
		4A6366241AC1C1B700E32020 /* Info.plist */ = {isa = PBXFileReference; lastKnownFileType = text.plist.xml; path = Info.plist; sourceTree = "<group>"; };
		4A6366251AC1C1B700E32020 /* main.m */ = {isa = PBXFileReference; lastKnownFileType = sourcecode.c.objc; path = main.m; sourceTree = "<group>"; };
		4A6366271AC1C1B700E32020 /* AppDelegate.h */ = {isa = PBXFileReference; lastKnownFileType = sourcecode.c.h; path = AppDelegate.h; sourceTree = "<group>"; };
		4A6366281AC1C1B700E32020 /* AppDelegate.m */ = {isa = PBXFileReference; lastKnownFileType = sourcecode.c.objc; path = AppDelegate.m; sourceTree = "<group>"; };
		4A63662A1AC1C1B700E32020 /* ViewController.h */ = {isa = PBXFileReference; lastKnownFileType = sourcecode.c.h; path = ViewController.h; sourceTree = "<group>"; };
		4A63662B1AC1C1B700E32020 /* ViewController.m */ = {isa = PBXFileReference; lastKnownFileType = sourcecode.c.objc; path = ViewController.m; sourceTree = "<group>"; };
		4A63662E1AC1C1B700E32020 /* Base */ = {isa = PBXFileReference; lastKnownFileType = file.storyboard; name = Base; path = Base.lproj/Main.storyboard; sourceTree = "<group>"; };
		4A6366301AC1C1B700E32020 /* Images.xcassets */ = {isa = PBXFileReference; lastKnownFileType = folder.assetcatalog; path = Images.xcassets; sourceTree = "<group>"; };
		4A6366331AC1C1B700E32020 /* Base */ = {isa = PBXFileReference; lastKnownFileType = file.xib; name = Base; path = Base.lproj/LaunchScreen.xib; sourceTree = "<group>"; };
		4A6366391AC1C1B700E32020 /* Flappy FieldmanTests.xctest */ = {isa = PBXFileReference; explicitFileType = wrapper.cfbundle; includeInIndex = 0; path = "Flappy FieldmanTests.xctest"; sourceTree = BUILT_PRODUCTS_DIR; };
		4A63663E1AC1C1B700E32020 /* Info.plist */ = {isa = PBXFileReference; lastKnownFileType = text.plist.xml; path = Info.plist; sourceTree = "<group>"; };
		4A63663F1AC1C1B700E32020 /* Flappy_FieldmanTests.m */ = {isa = PBXFileReference; lastKnownFileType = sourcecode.c.objc; path = Flappy_FieldmanTests.m; sourceTree = "<group>"; };
/* End PBXFileReference section */

/* Begin PBXFrameworksBuildPhase section */
		4A63661D1AC1C1B700E32020 /* Frameworks */ = {
			isa = PBXFrameworksBuildPhase;
			buildActionMask = 2147483647;
			files = (
			);
			runOnlyForDeploymentPostprocessing = 0;
		};
		4A6366361AC1C1B700E32020 /* Frameworks */ = {
			isa = PBXFrameworksBuildPhase;
			buildActionMask = 2147483647;
			files = (
			);
			runOnlyForDeploymentPostprocessing = 0;
		};
/* End PBXFrameworksBuildPhase section */

/* Begin PBXGroup section */
		4A6366171AC1C1B700E32020 = {
			isa = PBXGroup;
			children = (
				4A6366221AC1C1B700E32020 /* Flappy Fieldman */,
				4A63663C1AC1C1B700E32020 /* Flappy FieldmanTests */,
				4A6366211AC1C1B700E32020 /* Products */,
			);
			sourceTree = "<group>";
		};
		4A6366211AC1C1B700E32020 /* Products */ = {
			isa = PBXGroup;
			children = (
				4A6366201AC1C1B700E32020 /* Flappy Fieldman.app */,
				4A6366391AC1C1B700E32020 /* Flappy FieldmanTests.xctest */,
			);
			name = Products;
			sourceTree = "<group>";
		};
		4A6366221AC1C1B700E32020 /* Flappy Fieldman */ = {
			isa = PBXGroup;
			children = (
				4A6366271AC1C1B700E32020 /* AppDelegate.h */,
				4A6366281AC1C1B700E32020 /* AppDelegate.m */,
				4A63662A1AC1C1B700E32020 /* ViewController.h */,
				4A63662B1AC1C1B700E32020 /* ViewController.m */,
				4A63662D1AC1C1B700E32020 /* Main.storyboard */,
				4A6366301AC1C1B700E32020 /* Images.xcassets */,
				4A6366321AC1C1B700E32020 /* LaunchScreen.xib */,
				4A6366231AC1C1B700E32020 /* Supporting Files */,
			);
			path = "Flappy Fieldman";
			sourceTree = "<group>";
		};
		4A6366231AC1C1B700E32020 /* Supporting Files */ = {
			isa = PBXGroup;
			children = (
				4A6366241AC1C1B700E32020 /* Info.plist */,
				4A6366251AC1C1B700E32020 /* main.m */,
			);
			name = "Supporting Files";
			sourceTree = "<group>";
		};
		4A63663C1AC1C1B700E32020 /* Flappy FieldmanTests */ = {
			isa = PBXGroup;
			children = (
				4A63663F1AC1C1B700E32020 /* Flappy_FieldmanTests.m */,
				4A63663D1AC1C1B700E32020 /* Supporting Files */,
			);
			path = "Flappy FieldmanTests";
			sourceTree = "<group>";
		};
		4A63663D1AC1C1B700E32020 /* Supporting Files */ = {
			isa = PBXGroup;
			children = (
				4A63663E1AC1C1B700E32020 /* Info.plist */,
			);
			name = "Supporting Files";
			sourceTree = "<group>";
		};
/* End PBXGroup section */

/* Begin PBXNativeTarget section */
		4A63661F1AC1C1B700E32020 /* Flappy Fieldman */ = {
			isa = PBXNativeTarget;
			buildConfigurationList = 4A6366431AC1C1B700E32020 /* Build configuration list for PBXNativeTarget "Flappy Fieldman" */;
			buildPhases = (
				4A63661C1AC1C1B700E32020 /* Sources */,
				4A63661D1AC1C1B700E32020 /* Frameworks */,
				4A63661E1AC1C1B700E32020 /* Resources */,
			);
			buildRules = (
			);
			dependencies = (
			);
			name = "Flappy Fieldman";
			productName = "Flappy Fieldman";
			productReference = 4A6366201AC1C1B700E32020 /* Flappy Fieldman.app */;
			productType = "com.apple.product-type.application";
		};
		4A6366381AC1C1B700E32020 /* Flappy FieldmanTests */ = {
			isa = PBXNativeTarget;
			buildConfigurationList = 4A6366461AC1C1B700E32020 /* Build configuration list for PBXNativeTarget "Flappy FieldmanTests" */;
			buildPhases = (
				4A6366351AC1C1B700E32020 /* Sources */,
				4A6366361AC1C1B700E32020 /* Frameworks */,
				4A6366371AC1C1B700E32020 /* Resources */,
			);
			buildRules = (
			);
			dependencies = (
				4A63663B1AC1C1B700E32020 /* PBXTargetDependency */,
			);
			name = "Flappy FieldmanTests";
			productName = "Flappy FieldmanTests";
			productReference = 4A6366391AC1C1B700E32020 /* Flappy FieldmanTests.xctest */;
			productType = "com.apple.product-type.bundle.unit-test";
		};
/* End PBXNativeTarget section */

/* Begin PBXProject section */
		4A6366181AC1C1B700E32020 /* Project object */ = {
			isa = PBXProject;
			attributes = {
				LastUpgradeCheck = 0600;
				ORGANIZATIONNAME = GirlCode;
				TargetAttributes = {
					4A63661F1AC1C1B700E32020 = {
						CreatedOnToolsVersion = 6.0.1;
					};
					4A6366381AC1C1B700E32020 = {
						CreatedOnToolsVersion = 6.0.1;
						TestTargetID = 4A63661F1AC1C1B700E32020;
					};
				};
			};
			buildConfigurationList = 4A63661B1AC1C1B700E32020 /* Build configuration list for PBXProject "Flappy Fieldman" */;
			compatibilityVersion = "Xcode 3.2";
			developmentRegion = English;
			hasScannedForEncodings = 0;
			knownRegions = (
				en,
				Base,
			);
			mainGroup = 4A6366171AC1C1B700E32020;
			productRefGroup = 4A6366211AC1C1B700E32020 /* Products */;
			projectDirPath = "";
			projectRoot = "";
			targets = (
				4A63661F1AC1C1B700E32020 /* Flappy Fieldman */,
				4A6366381AC1C1B700E32020 /* Flappy FieldmanTests */,
			);
		};
/* End PBXProject section */

/* Begin PBXResourcesBuildPhase section */
		4A63661E1AC1C1B700E32020 /* Resources */ = {
			isa = PBXResourcesBuildPhase;
			buildActionMask = 2147483647;
			files = (
				4A63662F1AC1C1B700E32020 /* Main.storyboard in Resources */,
				4A6366341AC1C1B700E32020 /* LaunchScreen.xib in Resources */,
				4A6366311AC1C1B700E32020 /* Images.xcassets in Resources */,
			);
			runOnlyForDeploymentPostprocessing = 0;
		};
		4A6366371AC1C1B700E32020 /* Resources */ = {
			isa = PBXResourcesBuildPhase;
			buildActionMask = 2147483647;
			files = (
			);
			runOnlyForDeploymentPostprocessing = 0;
		};
/* End PBXResourcesBuildPhase section */

/* Begin PBXSourcesBuildPhase section */
		4A63661C1AC1C1B700E32020 /* Sources */ = {
			isa = PBXSourcesBuildPhase;
			buildActionMask = 2147483647;
			files = (
				4A63662C1AC1C1B700E32020 /* ViewController.m in Sources */,
				4A6366291AC1C1B700E32020 /* AppDelegate.m in Sources */,
				4A6366261AC1C1B700E32020 /* main.m in Sources */,
			);
			runOnlyForDeploymentPostprocessing = 0;
		};
		4A6366351AC1C1B700E32020 /* Sources */ = {
			isa = PBXSourcesBuildPhase;
			buildActionMask = 2147483647;
			files = (
				4A6366401AC1C1B700E32020 /* Flappy_FieldmanTests.m in Sources */,
			);
			runOnlyForDeploymentPostprocessing = 0;
		};
/* End PBXSourcesBuildPhase section */

/* Begin PBXTargetDependency section */
		4A63663B1AC1C1B700E32020 /* PBXTargetDependency */ = {
			isa = PBXTargetDependency;
			target = 4A63661F1AC1C1B700E32020 /* Flappy Fieldman */;
			targetProxy = 4A63663A1AC1C1B700E32020 /* PBXContainerItemProxy */;
		};
/* End PBXTargetDependency section */

/* Begin PBXVariantGroup section */
		4A63662D1AC1C1B700E32020 /* Main.storyboard */ = {
			isa = PBXVariantGroup;
			children = (
				4A63662E1AC1C1B700E32020 /* Base */,
			);
			name = Main.storyboard;
			sourceTree = "<group>";
		};
		4A6366321AC1C1B700E32020 /* LaunchScreen.xib */ = {
			isa = PBXVariantGroup;
			children = (
				4A6366331AC1C1B700E32020 /* Base */,
			);
			name = LaunchScreen.xib;
			sourceTree = "<group>";
		};
/* End PBXVariantGroup section */

/* Begin XCBuildConfiguration section */
		4A6366411AC1C1B700E32020 /* Debug */ = {
			isa = XCBuildConfiguration;
			buildSettings = {
				ALWAYS_SEARCH_USER_PATHS = NO;
				CLANG_CXX_LANGUAGE_STANDARD = "gnu++0x";
				CLANG_CXX_LIBRARY = "libc++";
				CLANG_ENABLE_MODULES = YES;
				CLANG_ENABLE_OBJC_ARC = YES;
				CLANG_WARN_BOOL_CONVERSION = YES;
				CLANG_WARN_CONSTANT_CONVERSION = YES;
				CLANG_WARN_DIRECT_OBJC_ISA_USAGE = YES_ERROR;
				CLANG_WARN_EMPTY_BODY = YES;
				CLANG_WARN_ENUM_CONVERSION = YES;
				CLANG_WARN_INT_CONVERSION = YES;
				CLANG_WARN_OBJC_ROOT_CLASS = YES_ERROR;
				CLANG_WARN_UNREACHABLE_CODE = YES;
				CLANG_WARN__DUPLICATE_METHOD_MATCH = YES;
				"CODE_SIGN_IDENTITY[sdk=iphoneos*]" = "iPhone Developer";
				COPY_PHASE_STRIP = NO;
				ENABLE_STRICT_OBJC_MSGSEND = YES;
				GCC_C_LANGUAGE_STANDARD = gnu99;
				GCC_DYNAMIC_NO_PIC = NO;
				GCC_OPTIMIZATION_LEVEL = 0;
				GCC_PREPROCESSOR_DEFINITIONS = (
					"DEBUG=1",
					"$(inherited)",
				);
				GCC_SYMBOLS_PRIVATE_EXTERN = NO;
				GCC_WARN_64_TO_32_BIT_CONVERSION = YES;
				GCC_WARN_ABOUT_RETURN_TYPE = YES_ERROR;
				GCC_WARN_UNDECLARED_SELECTOR = YES;
				GCC_WARN_UNINITIALIZED_AUTOS = YES_AGGRESSIVE;
				GCC_WARN_UNUSED_FUNCTION = YES;
				GCC_WARN_UNUSED_VARIABLE = YES;
				IPHONEOS_DEPLOYMENT_TARGET = 8.0;
				MTL_ENABLE_DEBUG_INFO = YES;
				ONLY_ACTIVE_ARCH = YES;
				SDKROOT = iphoneos;
			};
			name = Debug;
		};
		4A6366421AC1C1B700E32020 /* Release */ = {
			isa = XCBuildConfiguration;
			buildSettings = {
				ALWAYS_SEARCH_USER_PATHS = NO;
				CLANG_CXX_LANGUAGE_STANDARD = "gnu++0x";
				CLANG_CXX_LIBRARY = "libc++";
				CLANG_ENABLE_MODULES = YES;
				CLANG_ENABLE_OBJC_ARC = YES;
				CLANG_WARN_BOOL_CONVERSION = YES;
				CLANG_WARN_CONSTANT_CONVERSION = YES;
				CLANG_WARN_DIRECT_OBJC_ISA_USAGE = YES_ERROR;
				CLANG_WARN_EMPTY_BODY = YES;
				CLANG_WARN_ENUM_CONVERSION = YES;
				CLANG_WARN_INT_CONVERSION = YES;
				CLANG_WARN_OBJC_ROOT_CLASS = YES_ERROR;
				CLANG_WARN_UNREACHABLE_CODE = YES;
				CLANG_WARN__DUPLICATE_METHOD_MATCH = YES;
				"CODE_SIGN_IDENTITY[sdk=iphoneos*]" = "iPhone Developer";
				COPY_PHASE_STRIP = YES;
				ENABLE_NS_ASSERTIONS = NO;
				ENABLE_STRICT_OBJC_MSGSEND = YES;
				GCC_C_LANGUAGE_STANDARD = gnu99;
				GCC_WARN_64_TO_32_BIT_CONVERSION = YES;
				GCC_WARN_ABOUT_RETURN_TYPE = YES_ERROR;
				GCC_WARN_UNDECLARED_SELECTOR = YES;
				GCC_WARN_UNINITIALIZED_AUTOS = YES_AGGRESSIVE;
				GCC_WARN_UNUSED_FUNCTION = YES;
				GCC_WARN_UNUSED_VARIABLE = YES;
				IPHONEOS_DEPLOYMENT_TARGET = 8.0;
				MTL_ENABLE_DEBUG_INFO = NO;
				SDKROOT = iphoneos;
				VALIDATE_PRODUCT = YES;
			};
			name = Release;
		};
		4A6366441AC1C1B700E32020 /* Debug */ = {
			isa = XCBuildConfiguration;
			buildSettings = {
				ASSETCATALOG_COMPILER_APPICON_NAME = AppIcon;
				INFOPLIST_FILE = "Flappy Fieldman/Info.plist";
				LD_RUNPATH_SEARCH_PATHS = "$(inherited) @executable_path/Frameworks";
				PRODUCT_NAME = "$(TARGET_NAME)";
			};
			name = Debug;
		};
		4A6366451AC1C1B700E32020 /* Release */ = {
			isa = XCBuildConfiguration;
			buildSettings = {
				ASSETCATALOG_COMPILER_APPICON_NAME = AppIcon;
				INFOPLIST_FILE = "Flappy Fieldman/Info.plist";
				LD_RUNPATH_SEARCH_PATHS = "$(inherited) @executable_path/Frameworks";
				PRODUCT_NAME = "$(TARGET_NAME)";
			};
			name = Release;
		};
		4A6366471AC1C1B700E32020 /* Debug */ = {
			isa = XCBuildConfiguration;
			buildSettings = {
				BUNDLE_LOADER = "$(TEST_HOST)";
				FRAMEWORK_SEARCH_PATHS = (
					"$(SDKROOT)/Developer/Library/Frameworks",
					"$(inherited)",
				);
				GCC_PREPROCESSOR_DEFINITIONS = (
					"DEBUG=1",
					"$(inherited)",
				);
				INFOPLIST_FILE = "Flappy FieldmanTests/Info.plist";
				LD_RUNPATH_SEARCH_PATHS = "$(inherited) @executable_path/Frameworks @loader_path/Frameworks";
				PRODUCT_NAME = "$(TARGET_NAME)";
				TEST_HOST = "$(BUILT_PRODUCTS_DIR)/Flappy Fieldman.app/Flappy Fieldman";
			};
			name = Debug;
		};
		4A6366481AC1C1B700E32020 /* Release */ = {
			isa = XCBuildConfiguration;
			buildSettings = {
				BUNDLE_LOADER = "$(TEST_HOST)";
				FRAMEWORK_SEARCH_PATHS = (
					"$(SDKROOT)/Developer/Library/Frameworks",
					"$(inherited)",
				);
				INFOPLIST_FILE = "Flappy FieldmanTests/Info.plist";
				LD_RUNPATH_SEARCH_PATHS = "$(inherited) @executable_path/Frameworks @loader_path/Frameworks";
				PRODUCT_NAME = "$(TARGET_NAME)";
				TEST_HOST = "$(BUILT_PRODUCTS_DIR)/Flappy Fieldman.app/Flappy Fieldman";
			};
			name = Release;
		};
/* End XCBuildConfiguration section */

/* Begin XCConfigurationList section */
		4A63661B1AC1C1B700E32020 /* Build configuration list for PBXProject "Flappy Fieldman" */ = {
			isa = XCConfigurationList;
			buildConfigurations = (
				4A6366411AC1C1B700E32020 /* Debug */,
				4A6366421AC1C1B700E32020 /* Release */,
			);
			defaultConfigurationIsVisible = 0;
			defaultConfigurationName = Release;
		};
		4A6366431AC1C1B700E32020 /* Build configuration list for PBXNativeTarget "Flappy Fieldman" */ = {
			isa = XCConfigurationList;
			buildConfigurations = (
				4A6366441AC1C1B700E32020 /* Debug */,
				4A6366451AC1C1B700E32020 /* Release */,
			);
			defaultConfigurationIsVisible = 0;
		};
		4A6366461AC1C1B700E32020 /* Build configuration list for PBXNativeTarget "Flappy FieldmanTests" */ = {
			isa = XCConfigurationList;
			buildConfigurations = (
				4A6366471AC1C1B700E32020 /* Debug */,
				4A6366481AC1C1B700E32020 /* Release */,
			);
			defaultConfigurationIsVisible = 0;
		};
/* End XCConfigurationList section */
	};
	rootObject = 4A6366181AC1C1B700E32020 /* Project object */;
}
